lockfileVersion: '9.0'

settings:
  autoInstallPeers: true
  excludeLinksFromLockfile: false

importers:

  .:
    dependencies:
      '@iconify/icons-ant-design':
        specifier: '*'
        version: 1.2.7
      '@iconify/icons-bytesize':
        specifier: '*'
        version: 1.2.5
      '@iconify/icons-carbon':
        specifier: '*'
        version: 1.2.20
      '@iconify/icons-cil':
        specifier: '*'
        version: 1.2.4
      '@iconify/icons-dashicons':
        specifier: '*'
        version: 1.2.4
      '@iconify/icons-fa':
        specifier: '*'
        version: 1.2.3
      '@iconify/icons-gridicons':
        specifier: '*'
        version: 1.2.9
      '@iconify/icons-ic':
        specifier: '*'
        version: 1.2.13
      '@iconify/icons-ion':
        specifier: '*'
        version: 1.2.10
      '@iconify/icons-maki':
        specifier: '*'
        version: 1.2.18
      '@iconify/icons-mdi':
        specifier: '*'
        version: 1.2.48
      '@iconify/icons-oi':
        specifier: '*'
        version: 1.2.3
      '@iconify/icons-raphael':
        specifier: '*'
        version: 1.2.3
      '@iconify/icons-vaadin':
        specifier: '*'
        version: 1.2.4
      '@iconify/icons-whh':
        specifier: '*'
        version: 1.2.3
      '@iconify/types':
        specifier: '*'
        version: 2.0.0
    devDependencies:
      rimraf:
        specifier: ^6.0.0
        version: 6.1.2

packages:

  '@iconify/icons-ant-design@1.2.7':
    resolution: {integrity: sha512-X5OaFEhBroyUZru7aYi30q1EkLcAtqQqTdsq4g8oJUJOuVL8CxS43naaJVlFFgHj+F9QnuCT65yTpTIW3mdQEg==}

  '@iconify/icons-bytesize@1.2.5':
    resolution: {integrity: sha512-ue3NJqa9cDqyNJrnaiccCiMI90mQXLf/pVEsO2mlAN/zzN91s9GIqddbVLiPmTLcE81mR5IIz5D0xUOzAE+4wg==}

  '@iconify/icons-carbon@1.2.20':
    resolution: {integrity: sha512-GaBRDebrshFfiRu11ktyBvm/Ez72UXvZUsHG3WPqddokTp3auOT4cLch+2JSEzeVXSGbopzU2Fhpv8vE2I0XCw==}

  '@iconify/icons-cil@1.2.4':
    resolution: {integrity: sha512-MVK/46ioeLoxTJ+fExnshB2ciE59we8MPan/0xP5g7ezpaxbd68XQRY9m/gaPZujY7T66yhG9ank+4BNsC7KTA==}

  '@iconify/icons-dashicons@1.2.4':
    resolution: {integrity: sha512-wSv3n89L4XuL9snAukQX0JGp/EbOZv7m8O9qnh3J7Ibm//s0TRCsP0AnQUwypFiqZlJX1l/TVbNWp7QU94pjyA==}

  '@iconify/icons-fa@1.2.3':
    resolution: {integrity: sha512-VC6AibzOZ9s73hKmKnNZGt5aM+zmpRG/GMWhB7kVIasG7wti10GaczMiCoVFA8z8z4YCOOunOGorEmOA1XsVZg==}

  '@iconify/icons-gridicons@1.2.9':
    resolution: {integrity: sha512-kAFh3tlsr92GqRnGZ6V2FB2vg6lq9h0L9mn4oUx4CuS1nbHoUVehhAcj4hetcPasbcVcNKQ/o/8VAGv0RCusig==}

  '@iconify/icons-ic@1.2.13':
    resolution: {integrity: sha512-TphrhwOvgd7CTmUhz6jgXF+SPnMtvTm03bZsAYbny2kwq4zlkhr9e16YEyPGMvKhjtTqNooA3iZ9Wa+pZ8moXQ==}

  '@iconify/icons-ion@1.2.10':
    resolution: {integrity: sha512-8vd2gihc8fkugNH+bqnNpgAbXJl2AyTiGRgpDG/ELDUyscvUefEE/kW7uz6NnPUYH293vR+tdiruLIgvVsQfNA==}

  '@iconify/icons-maki@1.2.18':
    resolution: {integrity: sha512-So6tQpTyugyuxvmg89syQzsEZQikNB8vk0gWqMVlGmQCV//8oQ//esN9cfL1JiowX/4HOY04G3/g5wh1m1Wscw==}

  '@iconify/icons-mdi@1.2.48':
    resolution: {integrity: sha512-1Tiq+iX1d2MzrdDiw45Tc9HuhNgg8H4vvaKNV+kF+jmr/kPG+YyeLMyXUKp4bwv+gheIAgNpZPjuqAPRkmMieA==}

  '@iconify/icons-oi@1.2.3':
    resolution: {integrity: sha512-ETh9dMv5NlaFog9NKe/M8WqYoj4ccKPPtDDsOW3caKfZzrvXiBOrWwNwvfRBhd2/7MelSx/uAeLBitk0Xj9/UQ==}

  '@iconify/icons-raphael@1.2.3':
    resolution: {integrity: sha512-bOqLxvioDPIXOMNB8kP3OnhKpfPZz47bQh+/i4LiIeYeJjGMR4zt3l0hbIYuOB/mmnZe6zHrkxG3vBQHKwbz5g==}

  '@iconify/icons-vaadin@1.2.4':
    resolution: {integrity: sha512-Gw6Rdx7qi6qNfVmkGRd7dI2HvA7WBX5ciu4rSTUe/FxPww7ud+eRKsKU2b9GX8V/BQ2GeTt+uotj0U6NXBvAGw==}

  '@iconify/icons-whh@1.2.3':
    resolution: {integrity: sha512-d+lGNaQL4lSxUZpdeFvc1McHSlUH40MILxLx441S67QIBvbFpbRQKxKJ3fetC9H1cxBHiXvWX52J0wh22+dgYQ==}

  '@iconify/types@2.0.0':
    resolution: {integrity: sha512-+wluvCrRhXrhyOmRDJ3q8mux9JkKy5SJ/v8ol2tu4FVjyYvtEzkc/3pK15ET6RKg4b4w4BmTk1+gsCUhf21Ykg==}

  '@isaacs/balanced-match@4.0.1':
    resolution: {integrity: sha512-yzMTt9lEb8Gv7zRioUilSglI0c0smZ9k5D65677DLWLtWJaXIS3CqcGyUFByYKlnUj6TkjLVs54fBl6+TiGQDQ==}
    engines: {node: 20 || >=22}

  '@isaacs/brace-expansion@5.0.1':
    resolution: {integrity: sha512-WMz71T1JS624nWj2n2fnYAuPovhv7EUhk69R6i9dsVyzxt5eM3bjwvgk9L+APE1TRscGysAVMANkB0jh0LQZrQ==}
    engines: {node: 20 || >=22}

  glob@13.0.1:
    resolution: {integrity: sha512-B7U/vJpE3DkJ5WXTgTpTRN63uV42DseiXXKMwG14LQBXmsdeIoHAPbU/MEo6II0k5ED74uc2ZGTC6MwHFQhF6w==}
    engines: {node: 20 || >=22}

  lru-cache@11.2.5:
    resolution: {integrity: sha512-vFrFJkWtJvJnD5hg+hJvVE8Lh/TcMzKnTgCWmtBipwI5yLX/iX+5UB2tfuyODF5E7k9xEzMdYgGqaSb1c0c5Yw==}
    engines: {node: 20 || >=22}

  minimatch@10.1.2:
    resolution: {integrity: sha512-fu656aJ0n2kcXwsnwnv9g24tkU5uSmOlTjd6WyyaKm2Z+h1qmY6bAjrcaIxF/BslFqbZ8UBtbJi7KgQOZD2PTw==}
    engines: {node: 20 || >=22}

  minipass@7.1.2:
    resolution: {integrity: sha512-qOOzS1cBTWYF4BH8fVePDBOO9iptMnGUEZwNc/cMWnTV2nVLZ7VoNWEPHkYczZA0pdoA7dl6e7FL659nX9S2aw==}
    engines: {node: '>=16 || 14 >=14.17'}

  package-json-from-dist@1.0.1:
    resolution: {integrity: sha512-UEZIS3/by4OC8vL3P2dTXRETpebLI2NiI5vIrjaD/5UtrkFX/tNbwjTSRAGC/+7CAo2pIcBaRgWmcBBHcsaCIw==}

  path-scurry@2.0.1:
    resolution: {integrity: sha512-oWyT4gICAu+kaA7QWk/jvCHWarMKNs6pXOGWKDTr7cw4IGcUbW+PeTfbaQiLGheFRpjo6O9J0PmyMfQPjH71oA==}
    engines: {node: 20 || >=22}

  rimraf@6.1.2:
    resolution: {integrity: sha512-cFCkPslJv7BAXJsYlK1dZsbP8/ZNLkCAQ0bi1hf5EKX2QHegmDFEFA6QhuYJlk7UDdc+02JjO80YSOrWPpw06g==}
    engines: {node: 20 || >=22}
    hasBin: true

snapshots:

  '@iconify/icons-ant-design@1.2.7':
    dependencies:
      '@iconify/types': 2.0.0

  '@iconify/icons-bytesize@1.2.5':
    dependencies:
      '@iconify/types': 2.0.0

  '@iconify/icons-carbon@1.2.20':
    dependencies:
      '@iconify/types': 2.0.0

  '@iconify/icons-cil@1.2.4':
    dependencies:
      '@iconify/types': 2.0.0

  '@iconify/icons-dashicons@1.2.4':
    dependencies:
      '@iconify/types': 2.0.0

  '@iconify/icons-fa@1.2.3':
    dependencies:
      '@iconify/types': 2.0.0

  '@iconify/icons-gridicons@1.2.9':
    dependencies:
      '@iconify/types': 2.0.0

  '@iconify/icons-ic@1.2.13':
    dependencies:
      '@iconify/types': 2.0.0

  '@iconify/icons-ion@1.2.10':
    dependencies:
      '@iconify/types': 2.0.0

  '@iconify/icons-maki@1.2.18':
    dependencies:
      '@iconify/types': 2.0.0

  '@iconify/icons-mdi@1.2.48':
    dependencies:
      '@iconify/types': 2.0.0

  '@iconify/icons-oi@1.2.3':
    dependencies:
      '@iconify/types': 2.0.0

  '@iconify/icons-raphael@1.2.3':
    dependencies:
      '@iconify/types': 2.0.0

  '@iconify/icons-vaadin@1.2.4':
    dependencies:
      '@iconify/types': 2.0.0

  '@iconify/icons-whh@1.2.3':
    dependencies:
      '@iconify/types': 2.0.0

  '@iconify/types@2.0.0': {}

  '@isaacs/balanced-match@4.0.1': {}

  '@isaacs/brace-expansion@5.0.1':
    dependencies:
      '@isaacs/balanced-match': 4.0.1

  glob@13.0.1:
    dependencies:
      minimatch: 10.1.2
      minipass: 7.1.2
      path-scurry: 2.0.1

  lru-cache@11.2.5: {}

  minimatch@10.1.2:
    dependencies:
      '@isaacs/brace-expansion': 5.0.1

  minipass@7.1.2: {}

  package-json-from-dist@1.0.1: {}

  path-scurry@2.0.1:
    dependencies:
      lru-cache: 11.2.5
      minipass: 7.1.2

  rimraf@6.1.2:
    dependencies:
      glob: 13.0.1
      package-json-from-dist: 1.0.1
